
Microsoft Visual Studio Solution File, Format Version 12.00
Project("{FAE04EC0-301F-11D3-BF4B-00C04F79EFBC}") = "WebApp", "WebApp\WebApp.csproj", "{2573D33B-0389-49D9-AE46-2DEF40C08EE8}"
EndProject
Project("{2150E333-8FDC-42A3-9474-1A3956D46DE8}") = "Solution Items", "Solution Items", "{0AA88D71-5F5B-43D4-9E29-CC173F482CA3}"
	ProjectSection(SolutionItems) = preProject
		..\.gitignore = ..\.gitignore
		..\README.md = ..\README.md
		..\docker-compose.yml = ..\docker-compose.yml
		Directory.Build.props = Directory.Build.props
	EndProjectSection
EndProject
Project("{2150E333-8FDC-42A3-9474-1A3956D46DE8}") = "APP", "APP", "{CBA71E2F-57D5-4024-8A6D-115813600A19}"
EndProject
Project("{2150E333-8FDC-42A3-9474-1A3956D46DE8}") = "BASE", "BASE", "{E35C62BE-660F-4C71-8F9A-EA813C7B414A}"
EndProject
Project("{FAE04EC0-301F-11D3-BF4B-00C04F79EFBC}") = "Domain.Base", "Domain.Base\Domain.Base.csproj", "{027E3F78-674C-4C8E-87EC-72DCB34DA6CA}"
EndProject
Project("{2150E333-8FDC-42A3-9474-1A3956D46DE8}") = "Contracts", "Contracts", "{D1F6690C-E7B4-445D-890B-DB3CA1AE1719}"
EndProject
Project("{FAE04EC0-301F-11D3-BF4B-00C04F79EFBC}") = "Domain.Contracts.Base", "Domain.Contracts.Base\Domain.Contracts.Base.csproj", "{BEC7BAB3-5319-4B67-B059-8C73D978F85F}"
EndProject
Project("{FAE04EC0-301F-11D3-BF4B-00C04F79EFBC}") = "Domain.App", "Domain.App\Domain.App.csproj", "{30BE2D9A-B76F-4E6D-8869-961873E7AC01}"
EndProject
Project("{FAE04EC0-301F-11D3-BF4B-00C04F79EFBC}") = "DAL.EF.App", "DAL.EF.App\DAL.EF.App.csproj", "{A8018AC5-F813-4DD8-ACFC-ADC3402AEF85}"
EndProject
Project("{FAE04EC0-301F-11D3-BF4B-00C04F79EFBC}") = "DAL.Contracts.Base", "DAL.Contracts.Base\DAL.Contracts.Base.csproj", "{0C8AB37A-0671-433B-B239-153258794AE6}"
EndProject
Project("{FAE04EC0-301F-11D3-BF4B-00C04F79EFBC}") = "DAL.EF.Base", "DAL.EF.Base\DAL.EF.Base.csproj", "{6A3AFAF7-8B1C-4143-8D60-2177D4F5E0E0}"
EndProject
Project("{2150E333-8FDC-42A3-9474-1A3956D46DE8}") = "Contracts", "Contracts", "{9441393E-6F77-471F-8CEA-4DC53DDB6707}"
EndProject
Project("{FAE04EC0-301F-11D3-BF4B-00C04F79EFBC}") = "DAL.Contracts.App", "DAL.Contracts.App\DAL.Contracts.App.csproj", "{637DD6D4-4E55-4BE6-8033-A843AF582499}"
EndProject
Project("{FAE04EC0-301F-11D3-BF4B-00C04F79EFBC}") = "Helpers.Base", "Helpers.Base\Helpers.Base.csproj", "{24071AE0-3B28-449A-B0EF-F0E737680491}"
EndProject
Project("{FAE04EC0-301F-11D3-BF4B-00C04F79EFBC}") = "Public.DTO", "Public.DTO\Public.DTO.csproj", "{C6A74A11-8334-4B24-AA3C-576A15AFFB7C}"
EndProject
Project("{FAE04EC0-301F-11D3-BF4B-00C04F79EFBC}") = "Contracts.Base", "Contracts.Base\Contracts.Base.csproj", "{D7884303-3958-4E96-8CDB-509FFA67E292}"
EndProject
Project("{FAE04EC0-301F-11D3-BF4B-00C04F79EFBC}") = "DAL.Base", "DAL.Base\DAL.Base.csproj", "{019BA05E-FCCA-47B0-B935-6B1C73B4096F}"
EndProject
Project("{FAE04EC0-301F-11D3-BF4B-00C04F79EFBC}") = "DAL.DTO", "DAL.DTO\DAL.DTO.csproj", "{32F821B3-2A08-48EF-89ED-C6B6D2A9C628}"
EndProject
Global
	GlobalSection(SolutionConfigurationPlatforms) = preSolution
		Debug|Any CPU = Debug|Any CPU
		Release|Any CPU = Release|Any CPU
	EndGlobalSection
	GlobalSection(ProjectConfigurationPlatforms) = postSolution
		{2573D33B-0389-49D9-AE46-2DEF40C08EE8}.Debug|Any CPU.ActiveCfg = Debug|Any CPU
		{2573D33B-0389-49D9-AE46-2DEF40C08EE8}.Debug|Any CPU.Build.0 = Debug|Any CPU
		{2573D33B-0389-49D9-AE46-2DEF40C08EE8}.Release|Any CPU.ActiveCfg = Release|Any CPU
		{2573D33B-0389-49D9-AE46-2DEF40C08EE8}.Release|Any CPU.Build.0 = Release|Any CPU
		{027E3F78-674C-4C8E-87EC-72DCB34DA6CA}.Debug|Any CPU.ActiveCfg = Debug|Any CPU
		{027E3F78-674C-4C8E-87EC-72DCB34DA6CA}.Debug|Any CPU.Build.0 = Debug|Any CPU
		{027E3F78-674C-4C8E-87EC-72DCB34DA6CA}.Release|Any CPU.ActiveCfg = Release|Any CPU
		{027E3F78-674C-4C8E-87EC-72DCB34DA6CA}.Release|Any CPU.Build.0 = Release|Any CPU
		{BEC7BAB3-5319-4B67-B059-8C73D978F85F}.Debug|Any CPU.ActiveCfg = Debug|Any CPU
		{BEC7BAB3-5319-4B67-B059-8C73D978F85F}.Debug|Any CPU.Build.0 = Debug|Any CPU
		{BEC7BAB3-5319-4B67-B059-8C73D978F85F}.Release|Any CPU.ActiveCfg = Release|Any CPU
		{BEC7BAB3-5319-4B67-B059-8C73D978F85F}.Release|Any CPU.Build.0 = Release|Any CPU
		{30BE2D9A-B76F-4E6D-8869-961873E7AC01}.Debug|Any CPU.ActiveCfg = Debug|Any CPU
		{30BE2D9A-B76F-4E6D-8869-961873E7AC01}.Debug|Any CPU.Build.0 = Debug|Any CPU
		{30BE2D9A-B76F-4E6D-8869-961873E7AC01}.Release|Any CPU.ActiveCfg = Release|Any CPU
		{30BE2D9A-B76F-4E6D-8869-961873E7AC01}.Release|Any CPU.Build.0 = Release|Any CPU
		{A8018AC5-F813-4DD8-ACFC-ADC3402AEF85}.Debug|Any CPU.ActiveCfg = Debug|Any CPU
		{A8018AC5-F813-4DD8-ACFC-ADC3402AEF85}.Debug|Any CPU.Build.0 = Debug|Any CPU
		{A8018AC5-F813-4DD8-ACFC-ADC3402AEF85}.Release|Any CPU.ActiveCfg = Release|Any CPU
		{A8018AC5-F813-4DD8-ACFC-ADC3402AEF85}.Release|Any CPU.Build.0 = Release|Any CPU
		{0C8AB37A-0671-433B-B239-153258794AE6}.Debug|Any CPU.ActiveCfg = Debug|Any CPU
		{0C8AB37A-0671-433B-B239-153258794AE6}.Debug|Any CPU.Build.0 = Debug|Any CPU
		{0C8AB37A-0671-433B-B239-153258794AE6}.Release|Any CPU.ActiveCfg = Release|Any CPU
		{0C8AB37A-0671-433B-B239-153258794AE6}.Release|Any CPU.Build.0 = Release|Any CPU
		{6A3AFAF7-8B1C-4143-8D60-2177D4F5E0E0}.Debug|Any CPU.ActiveCfg = Debug|Any CPU
		{6A3AFAF7-8B1C-4143-8D60-2177D4F5E0E0}.Debug|Any CPU.Build.0 = Debug|Any CPU
		{6A3AFAF7-8B1C-4143-8D60-2177D4F5E0E0}.Release|Any CPU.ActiveCfg = Release|Any CPU
		{6A3AFAF7-8B1C-4143-8D60-2177D4F5E0E0}.Release|Any CPU.Build.0 = Release|Any CPU
		{637DD6D4-4E55-4BE6-8033-A843AF582499}.Debug|Any CPU.ActiveCfg = Debug|Any CPU
		{637DD6D4-4E55-4BE6-8033-A843AF582499}.Debug|Any CPU.Build.0 = Debug|Any CPU
		{637DD6D4-4E55-4BE6-8033-A843AF582499}.Release|Any CPU.ActiveCfg = Release|Any CPU
		{637DD6D4-4E55-4BE6-8033-A843AF582499}.Release|Any CPU.Build.0 = Release|Any CPU
		{24071AE0-3B28-449A-B0EF-F0E737680491}.Debug|Any CPU.ActiveCfg = Debug|Any CPU
		{24071AE0-3B28-449A-B0EF-F0E737680491}.Debug|Any CPU.Build.0 = Debug|Any CPU
		{24071AE0-3B28-449A-B0EF-F0E737680491}.Release|Any CPU.ActiveCfg = Release|Any CPU
		{24071AE0-3B28-449A-B0EF-F0E737680491}.Release|Any CPU.Build.0 = Release|Any CPU
		{C6A74A11-8334-4B24-AA3C-576A15AFFB7C}.Debug|Any CPU.ActiveCfg = Debug|Any CPU
		{C6A74A11-8334-4B24-AA3C-576A15AFFB7C}.Debug|Any CPU.Build.0 = Debug|Any CPU
		{C6A74A11-8334-4B24-AA3C-576A15AFFB7C}.Release|Any CPU.ActiveCfg = Release|Any CPU
		{C6A74A11-8334-4B24-AA3C-576A15AFFB7C}.Release|Any CPU.Build.0 = Release|Any CPU
		{D7884303-3958-4E96-8CDB-509FFA67E292}.Debug|Any CPU.ActiveCfg = Debug|Any CPU
		{D7884303-3958-4E96-8CDB-509FFA67E292}.Debug|Any CPU.Build.0 = Debug|Any CPU
		{D7884303-3958-4E96-8CDB-509FFA67E292}.Release|Any CPU.ActiveCfg = Release|Any CPU
		{D7884303-3958-4E96-8CDB-509FFA67E292}.Release|Any CPU.Build.0 = Release|Any CPU
		{019BA05E-FCCA-47B0-B935-6B1C73B4096F}.Debug|Any CPU.ActiveCfg = Debug|Any CPU
		{019BA05E-FCCA-47B0-B935-6B1C73B4096F}.Debug|Any CPU.Build.0 = Debug|Any CPU
		{019BA05E-FCCA-47B0-B935-6B1C73B4096F}.Release|Any CPU.ActiveCfg = Release|Any CPU
		{019BA05E-FCCA-47B0-B935-6B1C73B4096F}.Release|Any CPU.Build.0 = Release|Any CPU
		{32F821B3-2A08-48EF-89ED-C6B6D2A9C628}.Debug|Any CPU.ActiveCfg = Debug|Any CPU
		{32F821B3-2A08-48EF-89ED-C6B6D2A9C628}.Debug|Any CPU.Build.0 = Debug|Any CPU
		{32F821B3-2A08-48EF-89ED-C6B6D2A9C628}.Release|Any CPU.ActiveCfg = Release|Any CPU
		{32F821B3-2A08-48EF-89ED-C6B6D2A9C628}.Release|Any CPU.Build.0 = Release|Any CPU
	EndGlobalSection
	GlobalSection(NestedProjects) = preSolution
		{2573D33B-0389-49D9-AE46-2DEF40C08EE8} = {CBA71E2F-57D5-4024-8A6D-115813600A19}
		{027E3F78-674C-4C8E-87EC-72DCB34DA6CA} = {E35C62BE-660F-4C71-8F9A-EA813C7B414A}
		{D1F6690C-E7B4-445D-890B-DB3CA1AE1719} = {E35C62BE-660F-4C71-8F9A-EA813C7B414A}
		{BEC7BAB3-5319-4B67-B059-8C73D978F85F} = {D1F6690C-E7B4-445D-890B-DB3CA1AE1719}
		{30BE2D9A-B76F-4E6D-8869-961873E7AC01} = {CBA71E2F-57D5-4024-8A6D-115813600A19}
		{A8018AC5-F813-4DD8-ACFC-ADC3402AEF85} = {CBA71E2F-57D5-4024-8A6D-115813600A19}
		{0C8AB37A-0671-433B-B239-153258794AE6} = {D1F6690C-E7B4-445D-890B-DB3CA1AE1719}
		{6A3AFAF7-8B1C-4143-8D60-2177D4F5E0E0} = {E35C62BE-660F-4C71-8F9A-EA813C7B414A}
		{9441393E-6F77-471F-8CEA-4DC53DDB6707} = {CBA71E2F-57D5-4024-8A6D-115813600A19}
		{637DD6D4-4E55-4BE6-8033-A843AF582499} = {9441393E-6F77-471F-8CEA-4DC53DDB6707}
		{24071AE0-3B28-449A-B0EF-F0E737680491} = {E35C62BE-660F-4C71-8F9A-EA813C7B414A}
		{C6A74A11-8334-4B24-AA3C-576A15AFFB7C} = {CBA71E2F-57D5-4024-8A6D-115813600A19}
		{D7884303-3958-4E96-8CDB-509FFA67E292} = {D1F6690C-E7B4-445D-890B-DB3CA1AE1719}
		{019BA05E-FCCA-47B0-B935-6B1C73B4096F} = {E35C62BE-660F-4C71-8F9A-EA813C7B414A}
		{32F821B3-2A08-48EF-89ED-C6B6D2A9C628} = {CBA71E2F-57D5-4024-8A6D-115813600A19}
	EndGlobalSection
EndGlobal
